# THIS IS AN AUTOGENERATED FILE. DO NOT EDIT THIS FILE DIRECTLY.
# yarn lockfile v1


backbone.marionette@^3.1.0:
  version "3.1.0"
  resolved "https://registry.yarnpkg.com/backbone.marionette/-/backbone.marionette-3.1.0.tgz#0bacee64945eb4deb303e9285ee8c18fd58324a3"
  dependencies:
    backbone.radio "^2.0.0"

backbone.radio@^2.0.0:
  version "2.0.0"
  resolved "https://registry.yarnpkg.com/backbone.radio/-/backbone.radio-2.0.0.tgz#bbe8672b373e313f99f36d2fbcf583fe77d04f42"

backbone@^1.3.3:
  version "1.3.3"
  resolved "https://registry.yarnpkg.com/backbone/-/backbone-1.3.3.tgz#4cc80ea7cb1631ac474889ce40f2f8bc683b2999"
  dependencies:
    underscore ">=1.8.3"

bootstrap@^3.3.7:
  version "3.3.7"
  resolved "https://registry.yarnpkg.com/bootstrap/-/bootstrap-3.3.7.tgz#5a389394549f23330875a3b150656574f8a9eb71"

jquery@2.1.4:
  version "2.1.4"
  resolved "https://registry.yarnpkg.com/jquery/-/jquery-2.1.4.tgz#228bde698a0c61431dc2630a6a154f15890d2317"

requirejs@^2.3.2:
  version "2.3.2"
  resolved "https://registry.yarnpkg.com/requirejs/-/requirejs-2.3.2.tgz#0eaa870d4c7db3b15dd1322e6b65b0388fc4b2c6"

text@requirejs/text:
  version "2.0.15"
  resolved "https://codeload.github.com/requirejs/text/tar.gz/d04de4ffd7bf5ba6cb80cdca2d40d4f6f52a1b1f"

underscore@>=1.8.3, underscore@^1.8.3:
  version "1.8.3"
  resolved "https://registry.yarnpkg.com/underscore/-/underscore-1.8.3.tgz#4f3fb53b106e6097fcf9cb4109f2a5e9bdfa5022"
